# THIS IS AN AUTOGENERATED FILE. DO NOT EDIT THIS FILE DIRECTLY.
# yarn lockfile v1


"@babel/helper-validator-identifier@^7.15.7":
  version "7.15.7"
  resolved "http://5isp.wicp.net:9367/@babel%2fhelper-validator-identifier/-/helper-validator-identifier-7.15.7.tgz#220df993bfe904a4a6b02ab4f3385a5ebf6e2389"
  integrity sha1-Ig35k7/pBKSmsCq08zhaXr9uI4k=

"@babel/parser@^7.15.0", "@babel/parser@^7.6.0", "@babel/parser@^7.9.6":
  version "7.16.3"
  resolved "http://5isp.wicp.net:9367/@babel%2fparser/-/parser-7.16.3.tgz#271bafcb811080905a119222edbc17909c82261d"
  integrity sha1-Jxuvy4EQgJBaEZIi7bwXkJyCJh0=

"@babel/types@^7.6.1", "@babel/types@^7.9.6":
  version "7.16.0"
  resolved "http://5isp.wicp.net:9367/@babel%2ftypes/-/types-7.16.0.tgz#db3b313804f96aadd0b776c4823e127ad67289ba"
  integrity sha1-2zsxOAT5aq3Qt3bEgj4SetZyibo=
  dependencies:
    "@babel/helper-validator-identifier" "^7.15.7"
    to-fast-properties "^2.0.0"

"@emmetio/abbreviation@^2.2.2":
  version "2.2.2"
  resolved "http://5isp.wicp.net:9367/@emmetio%2fabbreviation/-/abbreviation-2.2.2.tgz#746762fd9e7a8c2ea604f580c62e3cfe250e6989"
  integrity sha1-dGdi/Z56jC6mBPWAxi48/iUOaYk=
  dependencies:
    "@emmetio/scanner" "^1.0.0"

"@emmetio/css-abbreviation@^2.1.4":
  version "2.1.4"
  resolved "http://5isp.wicp.net:9367/@emmetio%2fcss-abbreviation/-/css-abbreviation-2.1.4.tgz#90362e8a1122ce3b76f6c3157907d30182f53f54"
  integrity sha1-kDYuihEizjt29sMVeQfTAYL1P1Q=
  dependencies:
    "@emmetio/scanner" "^1.0.0"

"@emmetio/scanner@^1.0.0":
  version "1.0.0"
  resolved "http://5isp.wicp.net:9367/@emmetio%2fscanner/-/scanner-1.0.0.tgz#065b2af6233fe7474d44823e3deb89724af42b5f"
  integrity sha1-Blsq9iM/50dNRII+PeuJckr0K18=

"@vitejs/plugin-vue@^1.6.1":
  version "1.9.4"
  resolved "http://5isp.wicp.net:9367/@vitejs%2fplugin-vue/-/plugin-vue-1.9.4.tgz#4f48485432cbb986a9fb9d254dc33ce30ddccbfa"
  integrity sha1-T0hIVDLLuYap+50lTcM84w3cy/o=

"@volar/code-gen@^0.27.24":
  version "0.27.24"
  resolved "http://5isp.wicp.net:9367/@volar%2fcode-gen/-/code-gen-0.27.24.tgz#ccdbe858951c1ee4e0c3979232d52412dc46756a"
  integrity sha1-zNvoWJUcHuTgw5eSMtUkEtxGdWo=
  dependencies:
    "@volar/shared" "^0.27.24"
    "@volar/source-map" "^0.27.24"

"@volar/html2pug@^0.27.13":
  version "0.27.13"
  resolved "http://5isp.wicp.net:9367/@volar%2fhtml2pug/-/html2pug-0.27.13.tgz#48dfa73ecf1ef1955a02a046d0c88845950fac85"
  integrity sha1-SN+nPs8e8ZVaAqBG0MiIRZUPrIU=
  dependencies:
    domelementtype "^2.2.0"
    domhandler "^4.2.0"
    htmlparser2 "^6.1.0"
    pug "^3.0.2"

"@volar/shared@^0.27.24":
  version "0.27.24"
  resolved "http://5isp.wicp.net:9367/@volar%2fshared/-/shared-0.27.24.tgz#a33457ec8ac0b0d367ed54c9e21913a5f8c2d6c2"
  integrity sha1-ozRX7IrAsNNn7VTJ4hkTpfjC1sI=
  dependencies:
    upath "^2.0.1"
    vscode-jsonrpc "^8.0.0-next.2"
    vscode-uri "^3.0.2"

"@volar/source-map@^0.27.24":
  version "0.27.24"
  resolved "http://5isp.wicp.net:9367/@volar%2fsource-map/-/source-map-0.27.24.tgz#60f2e070c169be82cbf7ffa296a30c2823c5205f"
  integrity sha1-YPLgcMFpvoLL9/+ilqMMKCPFIF8=
  dependencies:
    "@volar/shared" "^0.27.24"

"@volar/transforms@^0.27.24":
  version "0.27.24"
  resolved "http://5isp.wicp.net:9367/@volar%2ftransforms/-/transforms-0.27.24.tgz#68ebc53dca2e36884e247c0866ec3d24ed815784"
  integrity sha1-aOvFPcouNohOJHwIZuw9JO2BV4Q=
  dependencies:
    "@volar/shared" "^0.27.24"
    vscode-languageserver "^8.0.0-next.2"

"@vscode/emmet-helper@^2.7.0":
  version "2.8.2"
  resolved "http://5isp.wicp.net:9367/@vscode%2femmet-helper/-/emmet-helper-2.8.2.tgz#9b2ce4fdd62cf3fda45cf8af67c012cfce55edc9"
  integrity sha1-myzk/dYs8/2kXPivZ8ASz85V7ck=
  dependencies:
    emmet "^2.3.0"
    jsonc-parser "^2.3.0"
    vscode-languageserver-textdocument "^1.0.1"
    vscode-languageserver-types "^3.15.1"
    vscode-nls "^5.0.0"
    vscode-uri "^2.1.2"

"@vue/compiler-core@3.2.21":
  version "3.2.21"
  resolved "http://5isp.wicp.net:9367/@vue%2fcompiler-core/-/compiler-core-3.2.21.tgz#26566c32b2ad838199d471ef5df620a83846f24e"
  integrity sha1-JlZsMrKtg4GZ1HHvXfYgqDhG8k4=
  dependencies:
    "@babel/parser" "^7.15.0"
    "@vue/shared" "3.2.21"
    estree-walker "^2.0.2"
    source-map "^0.6.1"

"@vue/compiler-dom@3.2.21", "@vue/compiler-dom@^3.2.19":
  version "3.2.21"
  resolved "http://5isp.wicp.net:9367/@vue%2fcompiler-dom/-/compiler-dom-3.2.21.tgz#d6f6c85364ef8888f9c4e9122bfba11e78fb398c"
  integrity sha1-1vbIU2TviIj5xOkSK/uhHnj7OYw=
  dependencies:
    "@vue/compiler-core" "3.2.21"
    "@vue/shared" "3.2.21"

"@vue/compiler-sfc@3.2.21", "@vue/compiler-sfc@^3.2.6":
  version "3.2.21"
  resolved "http://5isp.wicp.net:9367/@vue%2fcompiler-sfc/-/compiler-sfc-3.2.21.tgz#42639ee49e725afb7d8f1d1940e75dc17a56002c"
  integrity sha1-QmOe5J5yWvt9jx0ZQOddwXpWACw=
  dependencies:
    "@babel/parser" "^7.15.0"
    "@vue/compiler-core" "3.2.21"
    "@vue/compiler-dom" "3.2.21"
    "@vue/compiler-ssr" "3.2.21"
    "@vue/ref-transform" "3.2.21"
    "@vue/shared" "3.2.21"
    estree-walker "^2.0.2"
    magic-string "^0.25.7"
    postcss "^8.1.10"
    source-map "^0.6.1"

"@vue/compiler-ssr@3.2.21":
  version "3.2.21"
  resolved "http://5isp.wicp.net:9367/@vue%2fcompiler-ssr/-/compiler-ssr-3.2.21.tgz#37d124f89e8adef9fd56b85775de4b5310a0436e"
  integrity sha1-N9Ek+J6K3vn9VrhXdd5LUxCgQ24=
  dependencies:
    "@vue/compiler-dom" "3.2.21"
    "@vue/shared" "3.2.21"

"@vue/reactivity@3.2.21", "@vue/reactivity@^3.2.19":
  version "3.2.21"
  resolved "http://5isp.wicp.net:9367/@vue%2freactivity/-/reactivity-3.2.21.tgz#073ad144192ed78a07e151e95a3baa515e4099a2"
  integrity sha1-BzrRRBku14oH4VHpWjuqUV5AmaI=
  dependencies:
    "@vue/shared" "3.2.21"

"@vue/ref-transform@3.2.21":
  version "3.2.21"
  resolved "http://5isp.wicp.net:9367/@vue%2fref-transform/-/ref-transform-3.2.21.tgz#b0c554c9f640c3f005f77e676066aa0faba90984"
  integrity sha1-sMVUyfZAw/AF935nYGaqD6upCYQ=
  dependencies:
    "@babel/parser" "^7.15.0"
    "@vue/compiler-core" "3.2.21"
    "@vue/shared" "3.2.21"
    estree-walker "^2.0.2"
    magic-string "^0.25.7"

"@vue/runtime-core@3.2.21":
  version "3.2.21"
  resolved "http://5isp.wicp.net:9367/@vue%2fruntime-core/-/runtime-core-3.2.21.tgz#e12dac8c3893b7aebfc37e32066718d8aa686ac5"
  integrity sha1-4S2sjDiTt66/w34yBmcY2KpoasU=
  dependencies:
    "@vue/reactivity" "3.2.21"
    "@vue/shared" "3.2.21"

"@vue/runtime-dom@3.2.21":
  version "3.2.21"
  resolved "http://5isp.wicp.net:9367/@vue%2fruntime-dom/-/runtime-dom-3.2.21.tgz#33dd15bc85281e773177a30dc6931c294bd77aa1"
  integrity sha1-M90VvIUoHncxd6MNxpMcKUvXeqE=
  dependencies:
    "@vue/runtime-core" "3.2.21"
    "@vue/shared" "3.2.21"
    csstype "^2.6.8"

"@vue/server-renderer@3.2.21":
  version "3.2.21"
  resolved "http://5isp.wicp.net:9367/@vue%2fserver-renderer/-/server-renderer-3.2.21.tgz#887d0a44de76f72313cff2686a24c0315231d634"
  integrity sha1-iH0KRN529yMTz/JoaiTAMVIx1jQ=
  dependencies:
    "@vue/compiler-ssr" "3.2.21"
    "@vue/shared" "3.2.21"

"@vue/shared@3.2.21", "@vue/shared@^3.2.19":
  version "3.2.21"
  resolved "http://5isp.wicp.net:9367/@vue%2fshared/-/shared-3.2.21.tgz#4cd80c0e62cf65a7adab2449e86b6f0cb33a130b"
  integrity sha1-TNgMDmLPZaetqyRJ6GtvDLM6Ews=

acorn@^7.1.1:
  version "7.4.1"
  resolved "http://5isp.wicp.net:9367/acorn/-/acorn-7.4.1.tgz#feaed255973d2e77555b83dbc08851a6c63520fa"
  integrity sha512-nQyp0o1/mNdbTO1PO6kHkwSrmgZ0MT/jCCpNiwbUjGoRN4dlBhqJtoQuCnEOKzgTVwg0ZWiCoQy6SxMebQVh8A==

asap@~2.0.3:
  version "2.0.6"
  resolved "http://5isp.wicp.net:9367/asap/-/asap-2.0.6.tgz#e50347611d7e690943208bbdafebcbc2fb866d46"
  integrity sha1-5QNHYR1+aQlDIIu9r+vLwvuGbUY=

assert-never@^1.2.1:
  version "1.2.1"
  resolved "http://5isp.wicp.net:9367/assert-never/-/assert-never-1.2.1.tgz#11f0e363bf146205fb08193b5c7b90f4d1cf44fe"
  integrity sha1-EfDjY78UYgX7CBk7XHuQ9NHPRP4=

babel-walk@3.0.0-canary-5:
  version "3.0.0-canary-5"
  resolved "http://5isp.wicp.net:9367/babel-walk/-/babel-walk-3.0.0-canary-5.tgz#f66ecd7298357aee44955f235a6ef54219104b11"
  integrity sha1-9m7Ncpg1eu5ElV8jWm71QhkQSxE=
  dependencies:
    "@babel/types" "^7.9.6"

call-bind@^1.0.2:
  version "1.0.2"
  resolved "http://5isp.wicp.net:9367/call-bind/-/call-bind-1.0.2.tgz#b1d4e89e688119c3c9a903ad30abb2f6a919be3c"
  integrity sha1-sdTonmiBGcPJqQOtMKuy9qkZvjw=
  dependencies:
    function-bind "^1.1.1"
    get-intrinsic "^1.0.2"

character-parser@^2.2.0:
  version "2.2.0"
  resolved "http://5isp.wicp.net:9367/character-parser/-/character-parser-2.2.0.tgz#c7ce28f36d4bcd9744e5ffc2c5fcde1c73261fc0"
  integrity sha1-x84o821LzZdE5f/CxfzeHHMmH8A=
  dependencies:
    is-regex "^1.0.3"

constantinople@^4.0.1:
  version "4.0.1"
  resolved "http://5isp.wicp.net:9367/constantinople/-/constantinople-4.0.1.tgz#0def113fa0e4dc8de83331a5cf79c8b325213151"
  integrity sha1-De8RP6Dk3I3oMzGlz3nIsyUhMVE=
  dependencies:
    "@babel/parser" "^7.6.0"
    "@babel/types" "^7.6.1"

csstype@^2.6.8:
  version "2.6.18"
  resolved "http://5isp.wicp.net:9367/csstype/-/csstype-2.6.18.tgz#980a8b53085f34af313410af064f2bd241784218"
  integrity sha1-mAqLUwhfNK8xNBCvBk8r0kF4Qhg=

doctypes@^1.1.0:
  version "1.1.0"
  resolved "http://5isp.wicp.net:9367/doctypes/-/doctypes-1.1.0.tgz#ea80b106a87538774e8a3a4a5afe293de489e0a9"
  integrity sha1-6oCxBqh1OHdOijpKWv4pPeSJ4Kk=

dom-serializer@^1.0.1:
  version "1.3.2"
  resolved "http://5isp.wicp.net:9367/dom-serializer/-/dom-serializer-1.3.2.tgz#6206437d32ceefaec7161803230c7a20bc1b4d91"
  integrity sha1-YgZDfTLO767HFhgDIwx6ILwbTZE=
  dependencies:
    domelementtype "^2.0.1"
    domhandler "^4.2.0"
    entities "^2.0.0"

domelementtype@^2.0.1, domelementtype@^2.2.0:
  version "2.2.0"
  resolved "http://5isp.wicp.net:9367/domelementtype/-/domelementtype-2.2.0.tgz#9a0b6c2782ed6a1c7323d42267183df9bd8b1d57"
  integrity sha1-mgtsJ4LtahxzI9QiZxg9+b2LHVc=

domhandler@^4.0.0, domhandler@^4.2.0:
  version "4.2.2"
  resolved "http://5isp.wicp.net:9367/domhandler/-/domhandler-4.2.2.tgz#e825d721d19a86b8c201a35264e226c678ee755f"
  integrity sha1-6CXXIdGahrjCAaNSZOImxnjudV8=
  dependencies:
    domelementtype "^2.2.0"

domutils@^2.5.2:
  version "2.8.0"
  resolved "http://5isp.wicp.net:9367/domutils/-/domutils-2.8.0.tgz#4437def5db6e2d1f5d6ee859bd95ca7d02048135"
  integrity sha1-RDfe9dtuLR9dbuhZvZXKfQIEgTU=
  dependencies:
    dom-serializer "^1.0.1"
    domelementtype "^2.2.0"
    domhandler "^4.2.0"

emmet@^2.3.0:
  version "2.3.4"
  resolved "http://5isp.wicp.net:9367/emmet/-/emmet-2.3.4.tgz#5ba0d7a5569a68c7697dfa890c772e4f3179d123"
  integrity sha1-W6DXpVaaaMdpffqJDHcuTzF50SM=
  dependencies:
    "@emmetio/abbreviation" "^2.2.2"
    "@emmetio/css-abbreviation" "^2.1.4"

entities@^2.0.0:
  version "2.2.0"
  resolved "http://5isp.wicp.net:9367/entities/-/entities-2.2.0.tgz#098dc90ebb83d8dffa089d55256b351d34c4da55"
  integrity sha1-CY3JDruD2N/6CJ1VJWs1HTTE2lU=

esbuild-android-arm64@0.13.13:
  version "0.13.13"
  resolved "http://5isp.wicp.net:9367/esbuild-android-arm64/-/esbuild-android-arm64-0.13.13.tgz#da07b5fb2daf7d83dcd725f7cf58a6758e6e702a"
  integrity sha1-2ge1+y2vfYPc1yX3z1imdY5ucCo=

esbuild-darwin-64@0.13.13:
  version "0.13.13"
  resolved "http://5isp.wicp.net:9367/esbuild-darwin-64/-/esbuild-darwin-64-0.13.13.tgz#e94e9fd3b4b5455a2e675cd084a19a71b6904bbf"
  integrity sha1-6U6f07S1RVouZ1zQhKGacbaQS78=

esbuild-darwin-arm64@0.13.13:
  version "0.13.13"
  resolved "http://5isp.wicp.net:9367/esbuild-darwin-arm64/-/esbuild-darwin-arm64-0.13.13.tgz#8c320eafbb3ba2c70d8062128c5b71503e342471"
  integrity sha1-jDIOr7s7oscNgGISjFtxUD40JHE=

esbuild-freebsd-64@0.13.13:
  version "0.13.13"
  resolved "http://5isp.wicp.net:9367/esbuild-freebsd-64/-/esbuild-freebsd-64-0.13.13.tgz#ce0ca5b8c4c274cfebc9326f9b316834bd9dd151"
  integrity sha1-zgyluMTCdM/ryTJvmzFoNL2d0VE=

esbuild-freebsd-arm64@0.13.13:
  version "0.13.13"
  resolved "http://5isp.wicp.net:9367/esbuild-freebsd-arm64/-/esbuild-freebsd-arm64-0.13.13.tgz#463da17562fdcfdf03b3b94b28497d8d8dcc8f62"
  integrity sha1-Rj2hdWL9z98Ds7lLKEl9jY3Mj2I=

esbuild-linux-32@0.13.13:
  version "0.13.13"
  resolved "http://5isp.wicp.net:9367/esbuild-linux-32/-/esbuild-linux-32-0.13.13.tgz#2035793160da2c4be48a929e5bafb14a31789acc"
  integrity sha1-IDV5MWDaLEvkipKeW6+xSjF4msw=

esbuild-linux-64@0.13.13:
  version "0.13.13"
  resolved "http://5isp.wicp.net:9367/esbuild-linux-64/-/esbuild-linux-64-0.13.13.tgz#fbe4802a8168c6d339d0749f977b099449b56f22"
  integrity sha1-++SAKoFoxtM50HSfl3sJlEm1byI=

esbuild-linux-arm64@0.13.13:
  version "0.13.13"
  resolved "http://5isp.wicp.net:9367/esbuild-linux-arm64/-/esbuild-linux-arm64-0.13.13.tgz#f08d98df28d436ed4aad1529615822bb74d4d978"
  integrity sha1-8I2Y3yjUNu1KrRUpYVgiu3TU2Xg=

esbuild-linux-arm@0.13.13:
  version "0.13.13"
  resolved "http://5isp.wicp.net:9367/esbuild-linux-arm/-/esbuild-linux-arm-0.13.13.tgz#6f968c3a98b64e30c80b212384192d0cfcb32e7f"
  integrity sha1-b5aMOpi2TjDICyEjhBktDPyzLn8=

esbuild-linux-mips64le@0.13.13:
  version "0.13.13"
  resolved "http://5isp.wicp.net:9367/esbuild-linux-mips64le/-/esbuild-linux-mips64le-0.13.13.tgz#690c78dc4725efe7d06a1431287966fbf7774c7f"
  integrity sha1-aQx43Ecl7+fQahQxKHlm+/d3TH8=

esbuild-linux-ppc64le@0.13.13:
  version "0.13.13"
  resolved "http://5isp.wicp.net:9367/esbuild-linux-ppc64le/-/esbuild-linux-ppc64le-0.13.13.tgz#7ec9048502de46754567e734aae7aebd2df6df02"
  integrity sha1-fskEhQLeRnVFZ+c0queuvS323wI=

esbuild-netbsd-64@0.13.13:
  version "0.13.13"
  resolved "http://5isp.wicp.net:9367/esbuild-netbsd-64/-/esbuild-netbsd-64-0.13.13.tgz#439bdaefffa03a8fa84324f5d83d636f548a2de3"
  integrity sha1-Q5va7/+gOo+oQyT12D1jb1SKLeM=

esbuild-openbsd-64@0.13.13:
  version "0.13.13"
  resolved "http://5isp.wicp.net:9367/esbuild-openbsd-64/-/esbuild-openbsd-64-0.13.13.tgz#c9958e5291a00a3090c1ec482d6bcdf2d5b5d107"
  integrity sha1-yZWOUpGgCjCQwexILWvN8tW10Qc=

esbuild-sunos-64@0.13.13:
  version "0.13.13"
  resolved "http://5isp.wicp.net:9367/esbuild-sunos-64/-/esbuild-sunos-64-0.13.13.tgz#ac9ead8287379cd2f6d00bd38c5997fda9c1179e"
  integrity sha1-rJ6tgoc3nNL20AvTjFmX/anBF54=

esbuild-windows-32@0.13.13:
  version "0.13.13"
  resolved "http://5isp.wicp.net:9367/esbuild-windows-32/-/esbuild-windows-32-0.13.13.tgz#a3820fc86631ca594cb7b348514b5cc3f058cfd6"
  integrity sha1-o4IPyGYxyllMt7NIUUtcw/BYz9Y=

esbuild-windows-64@0.13.13:
  version "0.13.13"
  resolved "http://5isp.wicp.net:9367/esbuild-windows-64/-/esbuild-windows-64-0.13.13.tgz#1da748441f228d75dff474ddb7d584b81887323c"
  integrity sha1-HadIRB8ijXXf9HTdt9WEuBiHMjw=

esbuild-windows-arm64@0.13.13:
  version "0.13.13"
  resolved "http://5isp.wicp.net:9367/esbuild-windows-arm64/-/esbuild-windows-arm64-0.13.13.tgz#06dfa52a6b178a5932a9a6e2fdb240c09e6da30c"
  integrity sha1-Bt+lKmsXilkyqabi/bJAwJ5toww=

esbuild@^0.13.2:
  version "0.13.13"
  resolved "http://5isp.wicp.net:9367/esbuild/-/esbuild-0.13.13.tgz#0b5399c20f219f663c8c1048436fb0f59ab17a41"
  integrity sha1-C1OZwg8hn2Y8jBBIQ2+w9ZqxekE=
  optionalDependencies:
    esbuild-android-arm64 "0.13.13"
    esbuild-darwin-64 "0.13.13"
    esbuild-darwin-arm64 "0.13.13"
    esbuild-freebsd-64 "0.13.13"
    esbuild-freebsd-arm64 "0.13.13"
    esbuild-linux-32 "0.13.13"
    esbuild-linux-64 "0.13.13"
    esbuild-linux-arm "0.13.13"
    esbuild-linux-arm64 "0.13.13"
    esbuild-linux-mips64le "0.13.13"
    esbuild-linux-ppc64le "0.13.13"
    esbuild-netbsd-64 "0.13.13"
    esbuild-openbsd-64 "0.13.13"
    esbuild-sunos-64 "0.13.13"
    esbuild-windows-32 "0.13.13"
    esbuild-windows-64 "0.13.13"
    esbuild-windows-arm64 "0.13.13"

estree-walker@^2.0.2:
  version "2.0.2"
  resolved "http://5isp.wicp.net:9367/estree-walker/-/estree-walker-2.0.2.tgz#52f010178c2a4c117a7757cfe942adb7d2da4cac"
  integrity sha1-UvAQF4wqTBF6d1fP6UKtt9LaTKw=

fatcher@^0.2.0:
  version "0.2.0"
  resolved "http://5isp.wicp.net:9367/fatcher/-/fatcher-0.2.0.tgz#cdabb3f67d0342b42f753c4d0b092b3d29da0455"
  integrity sha1-zauz9n0DQrQvdTxNCwkrPSnaBFU=

fsevents@~2.3.2:
  version "2.3.2"
  resolved "http://5isp.wicp.net:9367/fsevents/-/fsevents-2.3.2.tgz#8a526f78b8fdf4623b709e0b975c52c24c02fd1a"
  integrity sha1-ilJveLj99GI7cJ4Ll1xSwkwC/Ro=

function-bind@^1.1.1:
  version "1.1.1"
  resolved "http://5isp.wicp.net:9367/function-bind/-/function-bind-1.1.1.tgz#a56899d3ea3c9bab874bb9773b7c5ede92f4895d"
  integrity sha512-yIovAzMX49sF8Yl58fSCWJ5svSLuaibPxXQJFLmBObTuCr0Mf1KiPopGM9NiFjiYBCbfaa2Fh6breQ6ANVTI0A==

get-intrinsic@^1.0.2:
  version "1.1.1"
  resolved "http://5isp.wicp.net:9367/get-intrinsic/-/get-intrinsic-1.1.1.tgz#15f59f376f855c446963948f0d24cd3637b4abc6"
  integrity sha1-FfWfN2+FXERpY5SPDSTNNje0q8Y=
  dependencies:
    function-bind "^1.1.1"
    has "^1.0.3"
    has-symbols "^1.0.1"

has-symbols@^1.0.1, has-symbols@^1.0.2:
  version "1.0.2"
  resolved "http://5isp.wicp.net:9367/has-symbols/-/has-symbols-1.0.2.tgz#165d3070c00309752a1236a479331e3ac56f1423"
  integrity sha1-Fl0wcMADCXUqEjakeTMeOsVvFCM=

has-tostringtag@^1.0.0:
  version "1.0.0"
  resolved "http://5isp.wicp.net:9367/has-tostringtag/-/has-tostringtag-1.0.0.tgz#7e133818a7d394734f941e73c3d3f9291e658b25"
  integrity sha1-fhM4GKfTlHNPlB5zw9P5KR5liyU=
  dependencies:
    has-symbols "^1.0.2"

has@^1.0.3:
  version "1.0.3"
  resolved "http://5isp.wicp.net:9367/has/-/has-1.0.3.tgz#722d7cbfc1f6aa8241f16dd814e011e1f41e8796"
  integrity sha512-f2dvO0VU6Oej7RkWJGrehjbzMAjFp5/VKPp5tTpWIV4JHHZK1/BxbFRtf/siA2SWTe09caDmVtYYzWEIbBS4zw==
  dependencies:
    function-bind "^1.1.1"

htmlparser2@^6.1.0:
  version "6.1.0"
  resolved "http://5isp.wicp.net:9367/htmlparser2/-/htmlparser2-6.1.0.tgz#c4d762b6c3371a05dbe65e94ae43a9f845fb8fb7"
  integrity sha1-xNditsM3GgXb5l6UrkOp+EX7j7c=
  dependencies:
    domelementtype "^2.0.1"
    domhandler "^4.0.0"
    domutils "^2.5.2"
    entities "^2.0.0"

is-core-module@^2.2.0:
  version "2.8.0"
  resolved "http://5isp.wicp.net:9367/is-core-module/-/is-core-module-2.8.0.tgz#0321336c3d0925e497fd97f5d95cb114a5ccd548"
  integrity sha1-AyEzbD0JJeSX/Zf12VyxFKXM1Ug=
  dependencies:
    has "^1.0.3"

is-expression@^4.0.0:
  version "4.0.0"
  resolved "http://5isp.wicp.net:9367/is-expression/-/is-expression-4.0.0.tgz#c33155962abf21d0afd2552514d67d2ec16fd2ab"
  integrity sha1-wzFVliq/IdCv0lUlFNZ9LsFv0qs=
  dependencies:
    acorn "^7.1.1"
    object-assign "^4.1.1"

is-promise@^2.0.0:
  version "2.2.2"
  resolved "http://5isp.wicp.net:9367/is-promise/-/is-promise-2.2.2.tgz#39ab959ccbf9a774cf079f7b40c7a26f763135f1"
  integrity sha1-OauVnMv5p3TPB597QMeib3YxNfE=

is-regex@^1.0.3:
  version "1.1.4"
  resolved "http://5isp.wicp.net:9367/is-regex/-/is-regex-1.1.4.tgz#eef5663cd59fa4c0ae339505323df6854bb15958"
  integrity sha1-7vVmPNWfpMCuM5UFMj32hUuxWVg=
  dependencies:
    call-bind "^1.0.2"
    has-tostringtag "^1.0.0"

js-stringify@^1.0.2:
  version "1.0.2"
  resolved "http://5isp.wicp.net:9367/js-stringify/-/js-stringify-1.0.2.tgz#1736fddfd9724f28a3682adc6230ae7e4e9679db"
  integrity sha1-Fzb939lyTyijaCrcYjCufk6Weds=

jsonc-parser@^2.3.0:
  version "2.3.1"
  resolved "http://5isp.wicp.net:9367/jsonc-parser/-/jsonc-parser-2.3.1.tgz#59549150b133f2efacca48fe9ce1ec0659af2342"
  integrity sha1-WVSRULEz8u+sykj+nOHsBlmvI0I=

jsonc-parser@^3.0.0:
  version "3.0.0"
  resolved "http://5isp.wicp.net:9367/jsonc-parser/-/jsonc-parser-3.0.0.tgz#abdd785701c7e7eaca8a9ec8cf070ca51a745a22"
  integrity sha1-q914VwHH5+rKip7IzwcMpRp0WiI=

jstransformer@1.0.0:
  version "1.0.0"
  resolved "http://5isp.wicp.net:9367/jstransformer/-/jstransformer-1.0.0.tgz#ed8bf0921e2f3f1ed4d5c1a44f68709ed24722c3"
  integrity sha1-7Yvwkh4vPx7U1cGkT2hwntJHIsM=
  dependencies:
    is-promise "^2.0.0"
    promise "^7.0.1"

lru-cache@^6.0.0:
  version "6.0.0"
  resolved "http://5isp.wicp.net:9367/lru-cache/-/lru-cache-6.0.0.tgz#6d6fe6570ebd96aaf90fcad1dafa3b2566db3a94"
  integrity sha512-Jo6dJ04CmSjuznwJSS3pUeWmd/H0ffTlkXXgwZi+eq1UCmqQwCh+eLsYOYCwY991i2Fah4h1BEMCx4qThGbsiA==
  dependencies:
    yallist "^4.0.0"

magic-string@^0.25.7:
  version "0.25.7"
  resolved "http://5isp.wicp.net:9367/magic-string/-/magic-string-0.25.7.tgz#3f497d6fd34c669c6798dcb821f2ef31f5445051"
  integrity sha1-P0l9b9NMZpxnmNy4IfLvMfVEUFE=
  dependencies:
    sourcemap-codec "^1.4.4"

nanoid@^3.1.30:
  version "3.1.30"
  resolved "http://5isp.wicp.net:9367/nanoid/-/nanoid-3.1.30.tgz#63f93cc548d2a113dc5dfbc63bfa09e2b9b64362"
  integrity sha1-Y/k8xUjSoRPcXfvGO/oJ4rm2Q2I=

object-assign@^4.1.1:
  version "4.1.1"
  resolved "http://5isp.wicp.net:9367/object-assign/-/object-assign-4.1.1.tgz#2109adc7965887cfc05cbbd442cac8bfbb360863"
  integrity sha1-IQmtx5ZYh8/AXLvUQsrIv7s2CGM=

path-parse@^1.0.6:
  version "1.0.7"
  resolved "http://5isp.wicp.net:9367/path-parse/-/path-parse-1.0.7.tgz#fbc114b60ca42b30d9daf5858e4bd68bbedb6735"
  integrity sha1-+8EUtgykKzDZ2vWFjkvWi77bZzU=

picocolors@^1.0.0:
  version "1.0.0"
  resolved "http://5isp.wicp.net:9367/picocolors/-/picocolors-1.0.0.tgz#cb5bdc74ff3f51892236eaf79d68bc44564ab81c"
  integrity sha1-y1vcdP8/UYkiNur3nWi8RFZKuBw=

postcss@^8.1.10, postcss@^8.3.8:
  version "8.3.11"
  resolved "http://5isp.wicp.net:9367/postcss/-/postcss-8.3.11.tgz#c3beca7ea811cd5e1c4a3ec6d2e7599ef1f8f858"
  integrity sha1-w77KfqgRzV4cSj7G0udZnvH4+Fg=
  dependencies:
    nanoid "^3.1.30"
    picocolors "^1.0.0"
    source-map-js "^0.6.2"

promise@^7.0.1:
  version "7.3.1"
  resolved "http://5isp.wicp.net:9367/promise/-/promise-7.3.1.tgz#064b72602b18f90f29192b8b1bc418ffd1ebd3bf"
  integrity sha1-BktyYCsY+Q8pGSuLG8QY/9Hr078=
  dependencies:
    asap "~2.0.3"

pug-attrs@^3.0.0:
  version "3.0.0"
  resolved "http://5isp.wicp.net:9367/pug-attrs/-/pug-attrs-3.0.0.tgz#b10451e0348165e31fad1cc23ebddd9dc7347c41"
  integrity sha1-sQRR4DSBZeMfrRzCPr3dncc0fEE=
  dependencies:
    constantinople "^4.0.1"
    js-stringify "^1.0.2"
    pug-runtime "^3.0.0"

pug-code-gen@^3.0.2:
  version "3.0.2"
  resolved "http://5isp.wicp.net:9367/pug-code-gen/-/pug-code-gen-3.0.2.tgz#ad190f4943133bf186b60b80de483100e132e2ce"
  integrity sha1-rRkPSUMTO/GGtguA3kgxAOEy4s4=
  dependencies:
    constantinople "^4.0.1"
    doctypes "^1.1.0"
    js-stringify "^1.0.2"
    pug-attrs "^3.0.0"
    pug-error "^2.0.0"
    pug-runtime "^3.0.0"
    void-elements "^3.1.0"
    with "^7.0.0"

pug-error@^2.0.0:
  version "2.0.0"
  resolved "http://5isp.wicp.net:9367/pug-error/-/pug-error-2.0.0.tgz#5c62173cb09c34de2a2ce04f17b8adfec74d8ca5"
  integrity sha1-XGIXPLCcNN4qLOBPF7it/sdNjKU=

pug-filters@^4.0.0:
  version "4.0.0"
  resolved "http://5isp.wicp.net:9367/pug-filters/-/pug-filters-4.0.0.tgz#d3e49af5ba8472e9b7a66d980e707ce9d2cc9b5e"
  integrity sha1-0+Sa9bqEcum3pm2YDnB86dLMm14=
  dependencies:
    constantinople "^4.0.1"
    jstransformer "1.0.0"
    pug-error "^2.0.0"
    pug-walk "^2.0.0"
    resolve "^1.15.1"

pug-lexer@^5.0.1:
  version "5.0.1"
  resolved "http://5isp.wicp.net:9367/pug-lexer/-/pug-lexer-5.0.1.tgz#ae44628c5bef9b190b665683b288ca9024b8b0d5"
  integrity sha1-rkRijFvvmxkLZlaDsojKkCS4sNU=
  dependencies:
    character-parser "^2.2.0"
    is-expression "^4.0.0"
    pug-error "^2.0.0"

pug-linker@^4.0.0:
  version "4.0.0"
  resolved "http://5isp.wicp.net:9367/pug-linker/-/pug-linker-4.0.0.tgz#12cbc0594fc5a3e06b9fc59e6f93c146962a7708"
  integrity sha1-EsvAWU/Fo+Brn8Web5PBRpYqdwg=
  dependencies:
    pug-error "^2.0.0"
    pug-walk "^2.0.0"

pug-load@^3.0.0:
  version "3.0.0"
  resolved "http://5isp.wicp.net:9367/pug-load/-/pug-load-3.0.0.tgz#9fd9cda52202b08adb11d25681fb9f34bd41b662"
  integrity sha1-n9nNpSICsIrbEdJWgfufNL1BtmI=
  dependencies:
    object-assign "^4.1.1"
    pug-walk "^2.0.0"

pug-parser@^6.0.0:
  version "6.0.0"
  resolved "http://5isp.wicp.net:9367/pug-parser/-/pug-parser-6.0.0.tgz#a8fdc035863a95b2c1dc5ebf4ecf80b4e76a1260"
  integrity sha1-qP3ANYY6lbLB3F6/Ts+AtOdqEmA=
  dependencies:
    pug-error "^2.0.0"
    token-stream "1.0.0"

pug-runtime@^3.0.0, pug-runtime@^3.0.1:
  version "3.0.1"
  resolved "http://5isp.wicp.net:9367/pug-runtime/-/pug-runtime-3.0.1.tgz#f636976204723f35a8c5f6fad6acda2a191b83d7"
  integrity sha1-9jaXYgRyPzWoxfb61qzaKhkbg9c=

pug-strip-comments@^2.0.0:
  version "2.0.0"
  resolved "http://5isp.wicp.net:9367/pug-strip-comments/-/pug-strip-comments-2.0.0.tgz#f94b07fd6b495523330f490a7f554b4ff876303e"
  integrity sha1-+UsH/WtJVSMzD0kKf1VLT/h2MD4=
  dependencies:
    pug-error "^2.0.0"

pug-walk@^2.0.0:
  version "2.0.0"
  resolved "http://5isp.wicp.net:9367/pug-walk/-/pug-walk-2.0.0.tgz#417aabc29232bb4499b5b5069a2b2d2a24d5f5fe"
  integrity sha1-QXqrwpIyu0SZtbUGmistKiTV9f4=

pug@^3.0.2:
  version "3.0.2"
  resolved "http://5isp.wicp.net:9367/pug/-/pug-3.0.2.tgz#f35c7107343454e43bc27ae0ff76c731b78ea535"
  integrity sha1-81xxBzQ0VOQ7wnrg/3bHMbeOpTU=
  dependencies:
    pug-code-gen "^3.0.2"
    pug-filters "^4.0.0"
    pug-lexer "^5.0.1"
    pug-linker "^4.0.0"
    pug-load "^3.0.0"
    pug-parser "^6.0.0"
    pug-runtime "^3.0.1"
    pug-strip-comments "^2.0.0"

request-light@^0.5.4:
  version "0.5.4"
  resolved "http://5isp.wicp.net:9367/request-light/-/request-light-0.5.4.tgz#497a98c6d8ae49536417a5e2d7f383b934f3e38c"
  integrity sha1-SXqYxtiuSVNkF6Xi1/ODuTTz44w=

resolve@^1.15.1, resolve@^1.20.0:
  version "1.20.0"
  resolved "http://5isp.wicp.net:9367/resolve/-/resolve-1.20.0.tgz#629a013fb3f70755d6f0b7935cc1c2c5378b1975"
  integrity sha1-YpoBP7P3B1XW8LeTXMHCxTeLGXU=
  dependencies:
    is-core-module "^2.2.0"
    path-parse "^1.0.6"

rollup@^2.57.0:
  version "2.60.0"
  resolved "http://5isp.wicp.net:9367/rollup/-/rollup-2.60.0.tgz#4ee60ab7bdd0356763f87d7099f413e5460fc193"
  integrity sha1-TuYKt73QNWdj+H1wmfQT5UYPwZM=
  optionalDependencies:
    fsevents "~2.3.2"

semver@^7.3.5:
  version "7.3.5"
  resolved "http://5isp.wicp.net:9367/semver/-/semver-7.3.5.tgz#0b621c879348d8998e4b0e4be94b3f12e6018ef7"
  integrity sha1-C2Ich5NI2JmOSw5L6Us/EuYBjvc=
  dependencies:
    lru-cache "^6.0.0"

source-map-js@^0.6.2:
  version "0.6.2"
  resolved "http://5isp.wicp.net:9367/source-map-js/-/source-map-js-0.6.2.tgz#0bb5de631b41cfbda6cfba8bd05a80efdfd2385e"
  integrity sha1-C7XeYxtBz72mz7qL0FqA79/SOF4=

source-map@^0.6.1:
  version "0.6.1"
  resolved "http://5isp.wicp.net:9367/source-map/-/source-map-0.6.1.tgz#74722af32e9614e9c287a8d0bbde48b5e2f1a263"
  integrity sha512-UjgapumWlbMhkBgzT7Ykc5YXUT46F0iKu8SGXq0bcwP5dz/h0Plj6enJqjz1Zbq2l5WaqYnrVbwWOWMyF3F47g==

sourcemap-codec@^1.4.4:
  version "1.4.8"
  resolved "http://5isp.wicp.net:9367/sourcemap-codec/-/sourcemap-codec-1.4.8.tgz#ea804bd94857402e6992d05a38ef1ae35a9ab4c4"
  integrity sha1-6oBL2UhXQC5pktBaOO8a41qatMQ=

to-fast-properties@^2.0.0:
  version "2.0.0"
  resolved "http://5isp.wicp.net:9367/to-fast-properties/-/to-fast-properties-2.0.0.tgz#dc5e698cbd079265bc73e0377681a4e4e83f616e"
  integrity sha1-3F5pjL0HkmW8c+A3doGk5Og/YW4=

token-stream@1.0.0:
  version "1.0.0"
  resolved "http://5isp.wicp.net:9367/token-stream/-/token-stream-1.0.0.tgz#cc200eab2613f4166d27ff9afc7ca56d49df6eb4"
  integrity sha1-zCAOqyYT9BZtJ/+a/HylbUnfbrQ=

typescript@^4.3.2:
  version "4.4.4"
  resolved "http://5isp.wicp.net:9367/typescript/-/typescript-4.4.4.tgz#2cd01a1a1f160704d3101fd5a58ff0f9fcb8030c"
  integrity sha1-LNAaGh8WBwTTEB/VpY/w+fy4Aww=

upath@^2.0.1:
  version "2.0.1"
  resolved "http://5isp.wicp.net:9367/upath/-/upath-2.0.1.tgz#50c73dea68d6f6b990f51d279ce6081665d61a8b"
  integrity sha1-UMc96mjW9rmQ9R0nnOYIFmXWGos=

vite@^2.5.4:
  version "2.6.14"
  resolved "http://5isp.wicp.net:9367/vite/-/vite-2.6.14.tgz#35c09a15e4df823410819a2a239ab11efb186271"
  integrity sha1-NcCaFeTfgjQQgZoqI5qxHvsYYnE=
  dependencies:
    esbuild "^0.13.2"
    postcss "^8.3.8"
    resolve "^1.20.0"
    rollup "^2.57.0"
  optionalDependencies:
    fsevents "~2.3.2"

void-elements@^3.1.0:
  version "3.1.0"
  resolved "http://5isp.wicp.net:9367/void-elements/-/void-elements-3.1.0.tgz#614f7fbf8d801f0bb5f0661f5b2f5785750e4f09"
  integrity sha1-YU9/v42AHwu18GYfWy9XhXUOTwk=

vscode-css-languageservice@^5.1.4:
  version "5.1.8"
  resolved "http://5isp.wicp.net:9367/vscode-css-languageservice/-/vscode-css-languageservice-5.1.8.tgz#36cb389788ffc2d5e6630ffc84e55ee38f8a2338"
  integrity sha1-Nss4l4j/wtXmYw/8hOVe44+KIzg=
  dependencies:
    vscode-languageserver-textdocument "^1.0.1"
    vscode-languageserver-types "^3.16.0"
    vscode-nls "^5.0.0"
    vscode-uri "^3.0.2"

vscode-html-languageservice@^4.0.7:
  version "4.1.1"
  resolved "http://5isp.wicp.net:9367/vscode-html-languageservice/-/vscode-html-languageservice-4.1.1.tgz#93739c9f3d0c12c8249bad23f5005850c289ec38"
  integrity sha1-k3Ocnz0MEsgkm60j9QBYUMKJ7Dg=
  dependencies:
    vscode-languageserver-textdocument "^1.0.1"
    vscode-languageserver-types "^3.16.0"
    vscode-nls "^5.0.0"
    vscode-uri "^3.0.2"

vscode-json-languageservice@^4.1.7:
  version "4.1.10"
  resolved "http://5isp.wicp.net:9367/vscode-json-languageservice/-/vscode-json-languageservice-4.1.10.tgz#5d5729fc4f3e02f41599e0104523a1877c25f0fb"
  integrity sha1-XVcp/E8+AvQVmeAQRSOhh3wl8Ps=
  dependencies:
    jsonc-parser "^3.0.0"
    vscode-languageserver-textdocument "^1.0.1"
    vscode-languageserver-types "^3.16.0"
    vscode-nls "^5.0.0"
    vscode-uri "^3.0.2"

vscode-jsonrpc@8.0.0-next.3, vscode-jsonrpc@^8.0.0-next.2:
  version "8.0.0-next.3"
  resolved "http://5isp.wicp.net:9367/vscode-jsonrpc/-/vscode-jsonrpc-8.0.0-next.3.tgz#b55edff0e550b03f3804aade44aca2699af27255"
  integrity sha1-tV7f8OVQsD84BKreRKyiaZryclU=

vscode-languageserver-protocol@3.17.0-next.9:
  version "3.17.0-next.9"
  resolved "http://5isp.wicp.net:9367/vscode-languageserver-protocol/-/vscode-languageserver-protocol-3.17.0-next.9.tgz#0fd4ad43611c96acd83d8d998dbe76668f60e604"
  integrity sha1-D9StQ2EclqzYPY2Zjb52Zo9g5gQ=
  dependencies:
    vscode-jsonrpc "8.0.0-next.3"
    vscode-languageserver-types "3.17.0-next.4"

vscode-languageserver-textdocument@^1.0.1:
  version "1.0.2"
  resolved "http://5isp.wicp.net:9367/vscode-languageserver-textdocument/-/vscode-languageserver-textdocument-1.0.2.tgz#2f9f6bd5b5eb3d8e21424c0c367009216f016236"
  integrity sha1-L59r1bXrPY4hQkwMNnAJIW8BYjY=

vscode-languageserver-types@3.17.0-next.4:
  version "3.17.0-next.4"
  resolved "http://5isp.wicp.net:9367/vscode-languageserver-types/-/vscode-languageserver-types-3.17.0-next.4.tgz#f6788b375ec163da8b381f2f3e3f547cbc7fbeec"
  integrity sha1-9niLN17BY9qLOB8vPj9UfLx/vuw=

vscode-languageserver-types@^3.15.1, vscode-languageserver-types@^3.16.0:
  version "3.16.0"
  resolved "http://5isp.wicp.net:9367/vscode-languageserver-types/-/vscode-languageserver-types-3.16.0.tgz#ecf393fc121ec6974b2da3efb3155644c514e247"
  integrity sha1-7POT/BIexpdLLaPvsxVWRMUU4kc=

vscode-languageserver@^8.0.0-next.2:
  version "8.0.0-next.3"
  resolved "http://5isp.wicp.net:9367/vscode-languageserver/-/vscode-languageserver-8.0.0-next.3.tgz#36c701a6844ec269505539e3b84a37693760a52f"
  integrity sha1-NscBpoROwmlQVTnjuEo3aTdgpS8=
  dependencies:
    vscode-languageserver-protocol "3.17.0-next.9"

vscode-nls@^5.0.0:
  version "5.0.0"
  resolved "http://5isp.wicp.net:9367/vscode-nls/-/vscode-nls-5.0.0.tgz#99f0da0bd9ea7cda44e565a74c54b1f2bc257840"
  integrity sha1-mfDaC9nqfNpE5WWnTFSx8rwleEA=

vscode-pug-languageservice@^0.27.24:
  version "0.27.24"
  resolved "http://5isp.wicp.net:9367/vscode-pug-languageservice/-/vscode-pug-languageservice-0.27.24.tgz#fa805c4d3e33dee3681e660a0767136738e68370"
  integrity sha1-+oBcTT4z3uNoHmYKB2cTZzjmg3A=
  dependencies:
    "@volar/code-gen" "^0.27.24"
    "@volar/shared" "^0.27.24"
    "@volar/source-map" "^0.27.24"
    "@volar/transforms" "^0.27.24"
    pug-lexer "^5.0.1"
    pug-parser "^6.0.0"
    vscode-languageserver "^8.0.0-next.2"

vscode-typescript-languageservice@^0.27.25:
  version "0.27.25"
  resolved "http://5isp.wicp.net:9367/vscode-typescript-languageservice/-/vscode-typescript-languageservice-0.27.25.tgz#acd211723b600108c25515388b75d55ce15bb056"
  integrity sha1-rNIRcjtgAQjCVRU4i3XVXOFbsFY=
  dependencies:
    "@volar/shared" "^0.27.24"
    semver "^7.3.5"
    upath "^2.0.1"
    vscode-languageserver "^8.0.0-next.2"
    vscode-languageserver-textdocument "^1.0.1"

vscode-uri@^2.1.2:
  version "2.1.2"
  resolved "http://5isp.wicp.net:9367/vscode-uri/-/vscode-uri-2.1.2.tgz#c8d40de93eb57af31f3c715dd650e2ca2c096f1c"
  integrity sha1-yNQN6T61evMfPHFd1lDiyiwJbxw=

vscode-uri@^3.0.2:
  version "3.0.2"
  resolved "http://5isp.wicp.net:9367/vscode-uri/-/vscode-uri-3.0.2.tgz#ecfd1d066cb8ef4c3a208decdbab9a8c23d055d0"
  integrity sha1-7P0dBmy470w6II3s26uajCPQVdA=

vscode-vue-languageservice@^0.27.0:
  version "0.27.30"
  resolved "http://5isp.wicp.net:9367/vscode-vue-languageservice/-/vscode-vue-languageservice-0.27.30.tgz#1f32b0203dd233582f74a457428519a6318f039e"
  integrity sha1-HzKwID3SM1gvdKRXQoUZpjGPA54=
  dependencies:
    "@volar/code-gen" "^0.27.24"
    "@volar/html2pug" "^0.27.13"
    "@volar/shared" "^0.27.24"
    "@volar/source-map" "^0.27.24"
    "@volar/transforms" "^0.27.24"
    "@vscode/emmet-helper" "^2.7.0"
    "@vue/compiler-dom" "^3.2.19"
    "@vue/reactivity" "^3.2.19"
    "@vue/shared" "^3.2.19"
    request-light "^0.5.4"
    upath "^2.0.1"
    vscode-css-languageservice "^5.1.4"
    vscode-html-languageservice "^4.0.7"
    vscode-json-languageservice "^4.1.7"
    vscode-languageserver "^8.0.0-next.2"
    vscode-languageserver-textdocument "^1.0.1"
    vscode-pug-languageservice "^0.27.24"
    vscode-typescript-languageservice "^0.27.25"

vue-tsc@^0.2.2:
  version "0.2.3"
  resolved "http://5isp.wicp.net:9367/vue-tsc/-/vue-tsc-0.2.3.tgz#12bf48e3c9b1e553d31aad0c641722d5d15841d8"
  integrity sha1-Er9I48mx5VPTGq0MZBci1dFYQdg=
  dependencies:
    vscode-vue-languageservice "^0.27.0"

vue@^3.2.6:
  version "3.2.21"
  resolved "http://5isp.wicp.net:9367/vue/-/vue-3.2.21.tgz#55f5665172d95cf97e806b9aad0a375180be23a1"
  integrity sha1-VfVmUXLZXPl+gGuarQo3UYC+I6E=
  dependencies:
    "@vue/compiler-dom" "3.2.21"
    "@vue/compiler-sfc" "3.2.21"
    "@vue/runtime-dom" "3.2.21"
    "@vue/server-renderer" "3.2.21"
    "@vue/shared" "3.2.21"

with@^7.0.0:
  version "7.0.2"
  resolved "http://5isp.wicp.net:9367/with/-/with-7.0.2.tgz#ccee3ad542d25538a7a7a80aad212b9828495bac"
  integrity sha1-zO461ULSVTinp6gKrSErmChJW6w=
  dependencies:
    "@babel/parser" "^7.9.6"
    "@babel/types" "^7.9.6"
    assert-never "^1.2.1"
    babel-walk "3.0.0-canary-5"

yallist@^4.0.0:
  version "4.0.0"
  resolved "http://5isp.wicp.net:9367/yallist/-/yallist-4.0.0.tgz#9bb92790d9c0effec63be73519e11a35019a3a72"
  integrity sha512-3wdGidZyq5PB084XLES5TpOSRA3wjXAlIWMhum2kRcv/41Sn2emQ0dycQW4uZXLejwKvg6EsvbdlVL+FYEct7A==
