# THIS IS AN AUTOGENERATED FILE. DO NOT EDIT THIS FILE DIRECTLY.
# yarn lockfile v1


fatcher@^0.2.0:
  version "0.2.0"
  resolved "https://registry.yarnpkg.com/fatcher/-/fatcher-0.2.0.tgz#cdabb3f67d0342b42f753c4d0b092b3d29da0455"
  integrity sha512-inaaVKttF6gneIeiBhYn+x9nxbqtWY8qlxeOwDT0xEkZ/4QPnJYSqUq+f6oFOKD9wupX0Rgay2LDAly9q6cm3A==
