# THIS IS AN AUTOGENERATED FILE. DO NOT EDIT THIS FILE DIRECTLY.
# yarn lockfile v1


"@types/mockjs@^1.0.4":
  version "1.0.4"
  resolved "https://registry.yarnpkg.com/@types/mockjs/-/mockjs-1.0.4.tgz#e706951d5e33b4f0a4bb73b1f8b124e26f081de0"
  integrity sha512-gK20xPqJhzMIitechVbvfnAk+oBIxVRnWrihJpRYHMI6UHCB/cvWgJa+dy6trRwQLE3AbtAJnXpm7pn6blG8sA==

commander@*:
  version "8.3.0"
  resolved "https://registry.yarnpkg.com/commander/-/commander-8.3.0.tgz#4837ea1b2da67b9c616a67afbb0fafee567bca66"
  integrity sha512-OkTL9umf+He2DZkUq8f8J9of7yL6RJKI24dVITBmNfZBmri9zYZQrKkuXiKhyfPSu8tUhnVBB1iKXevvnlR4Ww==

fatcher@^0.3.0:
  version "0.3.0"
  resolved "https://registry.yarnpkg.com/fatcher/-/fatcher-0.3.0.tgz#aaf8674dee9e12e7367a88cd921bf3cbe3a5add7"
  integrity sha512-EeXKBaaJWvMVdxCGmNuTa2CxOY5MpIIiVLFFh2/DGzux30epWdKxN7R2TzxJm+Ucayr7UhHKd5554Zx9RCNz/Q==

mockjs@^1.1.0:
  version "1.1.0"
  resolved "https://registry.yarnpkg.com/mockjs/-/mockjs-1.1.0.tgz#e6a0c378e91906dbaff20911cc0273b3c7d75b06"
  integrity sha512-eQsKcWzIaZzEZ07NuEyO4Nw65g0hdWAyurVol1IPl1gahRwY+svqzfgfey8U8dahLwG44d6/RwEzuK52rSa/JQ==
  dependencies:
    commander "*"
